
Microsoft Visual Studio Solution File, Format Version 12.00
# Visual Studio Version 17
VisualStudioVersion = 17.4.33213.308
MinimumVisualStudioVersion = 10.0.40219.1
Project("{FAE04EC0-301F-11D3-BF4B-00C04F79EFBC}") = "Countries", "Countries\Countries.csproj", "{4CFD2230-EECC-4BD2-9151-9229DFC2541B}"
EndProject
Global
	GlobalSection(SolutionConfigurationPlatforms) = preSolution
		Debug|Any CPU = Debug|Any CPU
		Release|Any CPU = Release|Any CPU
	EndGlobalSection
	GlobalSection(ProjectConfigurationPlatforms) = postSolution
		{4CFD2230-EECC-4BD2-9151-9229DFC2541B}.Debug|Any CPU.ActiveCfg = Debug|Any CPU
		{4CFD2230-EECC-4BD2-9151-9229DFC2541B}.Debug|Any CPU.Build.0 = Debug|Any CPU
		{4CFD2230-EECC-4BD2-9151-9229DFC2541B}.Release|Any CPU.ActiveCfg = Release|Any CPU
		{4CFD2230-EECC-4BD2-9151-9229DFC2541B}.Release|Any CPU.Build.0 = Release|Any CPU
	EndGlobalSection
	GlobalSection(SolutionProperties) = preSolution
		HideSolutionNode = FALSE
	EndGlobalSection
	GlobalSection(ExtensibilityGlobals) = postSolution
		SolutionGuid = {7CBA0D83-096F-409D-B25F-960179B2D3EC}
	EndGlobalSection
EndGlobal
